PODS:
  - AFNetworking (3.2.1):
    - AFNetworking/NSURLSession (= 3.2.1)
    - AFNetworking/Reachability (= 3.2.1)
    - AFNetworking/Security (= 3.2.1)
    - AFNetworking/Serialization (= 3.2.1)
    - AFNetworking/UIKit (= 3.2.1)
  - AFNetworking/NSURLSession (3.2.1):
    - AFNetworking/Reachability
    - AFNetworking/Security
    - AFNetworking/Serialization
  - AFNetworking/Reachability (3.2.1)
  - AFNetworking/Security (3.2.1)
  - AFNetworking/Serialization (3.2.1)
  - AFNetworking/UIKit (3.2.1):
    - AFNetworking/NSURLSession
  - CubeEngineCallKit (1.0.5):
    - CubeEngineFoundationKit
    - CubeWebRTC
  - CubeEngineFoundationKit (1.0.8):
    - Genie
  - CubeWebRTC (1.0.1)
  - FLAnimatedImage (1.0.12)
  - Genie (1.0.2)
  - M80AttributedLabel (1.7.1)
  - Masonry (1.1.0)
  - MBProgressHUD (1.1.0)
  - SDWebImage (4.4.2):
    - SDWebImage/Core (= 4.4.2)
  - SDWebImage/Core (4.4.2)
  - SDWebImage/GIF (4.4.2):
    - FLAnimatedImage (~> 1.0)
    - SDWebImage/Core
  - SQLiteRepairKit (1.2.1):
    - WCDBOptimizedSQLCipher (~> 1.2.0)
  - TTTAttributedLabel (2.0.0)
  - WCDB (1.0.7.5):
    - SQLiteRepairKit (~> 1.2.0)
    - WCDBOptimizedSQLCipher (~> 1.2.0)
  - WCDBOptimizedSQLCipher (1.2.1)

DEPENDENCIES:
  - AFNetworking
  - CubeEngineCallKit (= 1.0.5)
  - CubeEngineFoundationKit (= 1.0.8)
  - M80AttributedLabel
  - Masonry
  - MBProgressHUD
  - SDWebImage
  - SDWebImage/GIF
  - TTTAttributedLabel
  - WCDB

SPEC REPOS:
  https://github.com/CocoaPods/Specs.git:
    - AFNetworking
    - CubeEngineCallKit
    - CubeEngineFoundationKit
    - CubeWebRTC
    - FLAnimatedImage
    - Genie
    - M80AttributedLabel
    - Masonry
    - MBProgressHUD
    - SDWebImage
    - SQLiteRepairKit
    - TTTAttributedLabel
    - WCDB
    - WCDBOptimizedSQLCipher

SPEC CHECKSUMS:
  AFNetworking: b6f891fdfaed196b46c7a83cf209e09697b94057
  CubeEngineCallKit: 0e0683e61f4f3d31c3290037984c0f13d376aebf
  CubeEngineFoundationKit: 9ee1148119641e3b1e495c9bc0ac0528e4948050
  CubeWebRTC: 5b0f59164780fccbf172351ef4bcbe2d0d247361
  FLAnimatedImage: 4a0b56255d9b05f18b6dd7ee06871be5d3b89e31
  Genie: 6004c9beabe1726a4e839eb74854f00b0cb97a58
  M80AttributedLabel: 7cb5064930533719b706c1c8febee32442da7cf3
  Masonry: 678fab65091a9290e40e2832a55e7ab731aad201
  MBProgressHUD: e7baa36a220447d8aeb12769bf0585582f3866d9
  SDWebImage: 624d6e296c69b244bcede364c72ae0430ac14681
  SQLiteRepairKit: 4d21bab9eff6a273f63da6815a0d1659e53f5bde
  TTTAttributedLabel: 8cffe8e127e4e82ff3af1e5386d4cd0ad000b656
  WCDB: 8e90babdeb7784c569353a4bd22a66c0a175a882
  WCDBOptimizedSQLCipher: baf44493b0c7a3d49e97bc5b64a3856f6428ddd1

PODFILE CHECKSUM: 259677ca6a12c6b1206e3c300696d55750c12f26

COCOAPODS: 1.5.0
