PODS:
  - AFNetworking (3.2.1):
    - AFNetworking/NSURLSession (= 3.2.1)
    - AFNetworking/Reachability (= 3.2.1)
    - AFNetworking/Security (= 3.2.1)
    - AFNetworking/Serialization (= 3.2.1)
    - AFNetworking/UIKit (= 3.2.1)
  - AFNetworking/NSURLSession (3.2.1):
    - AFNetworking/Reachability
    - AFNetworking/Security
    - AFNetworking/Serialization
  - AFNetworking/Reachability (3.2.1)
  - AFNetworking/Security (3.2.1)
  - AFNetworking/Serialization (3.2.1)
  - AFNetworking/UIKit (3.2.1):
    - AFNetworking/NSURLSession
  - CubeEngineCallKit (0.1.5):
    - CubeEngineMediaKit
  - CubeEngineConferenceKit (1.0.18)
  - CubeEngineFileKit (1.0.2)
  - CubeEngineFoundationKit (1.1.8)
  - CubeEngineMediaKit (1.0.10):
    - CubeEngineFoundationKit
  - CubeEngineMessageKit (1.0.0)
  - CubeEngineShareDesktopKit (1.0.0)
  - CubeEngineWhiteBoardKit (1.0.1)
  - FLAnimatedImage (1.0.12)
  - M80AttributedLabel (1.9.5)
  - Masonry (1.1.0)
  - MBProgressHUD (1.1.0)
  - SDWebImage (4.4.6):
    - SDWebImage/Core (= 4.4.6)
  - SDWebImage/Core (4.4.6)
  - SDWebImage/GIF (4.4.6):
    - FLAnimatedImage (~> 1.0)
    - SDWebImage/Core
  - SQLiteRepairKit (1.2.2):
    - WCDBOptimizedSQLCipher (~> 1.2.0)
  - TTTAttributedLabel (2.0.0)
  - UMCAnalytics (6.0.3):
    - UMCCommon
  - UMCCommon (2.0.1)
  - UMCSecurityPlugins (1.0.6)
  - WCDB (1.0.7.5):
    - SQLiteRepairKit (~> 1.2.0)
    - WCDBOptimizedSQLCipher (~> 1.2.0)
  - WCDBOptimizedSQLCipher (1.2.1)

DEPENDENCIES:
  - AFNetworking
  - CubeEngineCallKit
  - CubeEngineConferenceKit
  - CubeEngineFileKit
  - CubeEngineFoundationKit
  - CubeEngineMediaKit
  - CubeEngineMessageKit
  - CubeEngineShareDesktopKit
  - CubeEngineWhiteBoardKit
  - M80AttributedLabel
  - Masonry
  - MBProgressHUD
  - SDWebImage
  - SDWebImage/GIF
  - TTTAttributedLabel
  - UMCAnalytics
  - UMCCommon
  - UMCSecurityPlugins
  - WCDB

SPEC REPOS:
  http://code.workinggo.com/Engine/iOS/EngineSpec.git:
    - CubeEngineCallKit
    - CubeEngineConferenceKit
    - CubeEngineFileKit
    - CubeEngineFoundationKit
    - CubeEngineMediaKit
    - CubeEngineMessageKit
    - CubeEngineShareDesktopKit
    - CubeEngineWhiteBoardKit
  https://github.com/cocoapods/specs.git:
    - AFNetworking
    - FLAnimatedImage
    - M80AttributedLabel
    - Masonry
    - MBProgressHUD
    - SDWebImage
    - SQLiteRepairKit
    - TTTAttributedLabel
    - UMCAnalytics
    - UMCCommon
    - UMCSecurityPlugins
    - WCDB
    - WCDBOptimizedSQLCipher

SPEC CHECKSUMS:
  AFNetworking: b6f891fdfaed196b46c7a83cf209e09697b94057
  CubeEngineCallKit: 9ec801f752696cebfff9d8995f38e27fb288e6d8
  CubeEngineConferenceKit: 27d6125419366c9330f2191dc5da6b20818130a8
  CubeEngineFileKit: baa5647bbdfe14c346a60006817fe05d1ed56ce2
  CubeEngineFoundationKit: c8b0398519b1b26ab7b6eb5bb8f1025e9f4aa885
  CubeEngineMediaKit: dc2eef74fdac49c3eed3da3c7d06888b11b9c2ea
  CubeEngineMessageKit: f886632a9cd1f450fd2be1f89fc235fdd85dcd6c
  CubeEngineShareDesktopKit: 72e101ce7f3d19252f1b7436b055f0db9be44dd3
  CubeEngineWhiteBoardKit: 000d15a1f572600ccf07c3595af64f6c0b10b853
  FLAnimatedImage: 4a0b56255d9b05f18b6dd7ee06871be5d3b89e31
  M80AttributedLabel: d1177fbd7451d134794b50e91ca8b0cb167ef530
  Masonry: 678fab65091a9290e40e2832a55e7ab731aad201
  MBProgressHUD: e7baa36a220447d8aeb12769bf0585582f3866d9
  SDWebImage: 3f3f0c02f09798048c47a5ed0a13f17b063572d8
  SQLiteRepairKit: 35aaae5a8838adb85f5b1eb4d796055be6060a4b
  TTTAttributedLabel: 8cffe8e127e4e82ff3af1e5386d4cd0ad000b656
  UMCAnalytics: ff58714ada407682c4a07548156f94bcec92f055
  UMCCommon: 0263a057a2e1ae1da4c8308541e56904a493ce13
  UMCSecurityPlugins: 0831a08f3988f3cea9f1d3a7626cd9bee4fef150
  WCDB: 8e90babdeb7784c569353a4bd22a66c0a175a882
  WCDBOptimizedSQLCipher: baf44493b0c7a3d49e97bc5b64a3856f6428ddd1

PODFILE CHECKSUM: b0e584a57264bbbcabaa45b2e698ef8e235dc95e

COCOAPODS: 1.6.1
